Microsoft Visual Studio Solution File, Format Version 12.00
# Visual Studio 15
VisualStudioVersion = 15.0.27004.2010
MinimumVisualStudioVersion = 15.0.26124.0
Project("{6EC3EE1D-3C4E-46DD-8F32-0CC8E7565705}") = "Day 01", "Day 01\Day 01.fsproj", "{7DE2D126-A768-47C5-B839-80C1CDE61836}"
EndProject
Project("{6EC3EE1D-3C4E-46DD-8F32-0CC8E7565705}") = "Runner", "Runner\Runner.fsproj", "{29A3E990-7A27-4394-A59B-F965465A8A9A}"
EndProject
Project("{6EC3EE1D-3C4E-46DD-8F32-0CC8E7565705}") = "Day 02", "Day 02\Day 02.fsproj", "{88A68801-8005-411F-9B9E-36B9E6E90A74}"
EndProject
Project("{6EC3EE1D-3C4E-46DD-8F32-0CC8E7565705}") = "Day 03", "Day 03\Day 03.fsproj", "{35F789D6-02B3-454E-814C-6B9F882CFEEC}"
EndProject
Project("{6EC3EE1D-3C4E-46DD-8F32-0CC8E7565705}") = "Day 04", "Day 04\Day 04.fsproj", "{A2D4E994-83F2-4985-8B2F-8504D2364BCC}"
EndProject
Project("{6EC3EE1D-3C4E-46DD-8F32-0CC8E7565705}") = "Day 05", "Day 05\Day 05.fsproj", "{B2FD1A92-2BCE-4B3C-A7B4-65BC37181542}"
EndProject
Project("{6EC3EE1D-3C4E-46DD-8F32-0CC8E7565705}") = "Day 06", "Day 06\Day 06.fsproj", "{629EA017-27F1-4A3D-9434-EC73BC08C103}"
EndProject
Project("{6EC3EE1D-3C4E-46DD-8F32-0CC8E7565705}") = "Day 07", "Day 07\Day 07.fsproj", "{5036571D-BCC7-4E25-9C2E-E450C022C08B}"
EndProject
Project("{6EC3EE1D-3C4E-46DD-8F32-0CC8E7565705}") = "Day 08", "Day 08\Day 08.fsproj", "{0BE29AA6-AD54-4A91-BC39-A52DC418BDE8}"
EndProject
Project("{6EC3EE1D-3C4E-46DD-8F32-0CC8E7565705}") = "Day 09", "Day 09\Day 09.fsproj", "{BA3B2D7C-1048-45A9-A5AC-AC52D086AE58}"
EndProject
Project("{6EC3EE1D-3C4E-46DD-8F32-0CC8E7565705}") = "Day 10", "Day 10\Day 10.fsproj", "{96DEFEE9-59C2-4E47-A9D5-E6203B911F23}"
EndProject
Project("{6EC3EE1D-3C4E-46DD-8F32-0CC8E7565705}") = "Day 11", "Day 11\Day 11.fsproj", "{9E9CDDD0-2F73-4D28-95FE-34CE7AA2214D}"
EndProject
Project("{6EC3EE1D-3C4E-46DD-8F32-0CC8E7565705}") = "Day 12", "Day 12\Day 12.fsproj", "{0969A2E6-65ED-4826-A77D-D36FD965AF86}"
EndProject
Project("{6EC3EE1D-3C4E-46DD-8F32-0CC8E7565705}") = "Day 13", "Day 13\Day 13.fsproj", "{43EE7990-FEDB-4C55-8A96-DFA1C7A485D7}"
EndProject
Project("{6EC3EE1D-3C4E-46DD-8F32-0CC8E7565705}") = "Day 14", "Day 14\Day 14.fsproj", "{9BF6DEDF-3FAD-4713-9DBA-7CD30727C7FE}"
EndProject
Project("{6EC3EE1D-3C4E-46DD-8F32-0CC8E7565705}") = "Day 15", "Day 15\Day 15.fsproj", "{9CC0BF97-72EB-4D47-9CBA-09D9E9C78176}"
EndProject
Project("{6EC3EE1D-3C4E-46DD-8F32-0CC8E7565705}") = "Day 16", "Day 16\Day 16.fsproj", "{1F063869-4E6F-428F-AC5B-C9726C002CD7}"
EndProject
Project("{6EC3EE1D-3C4E-46DD-8F32-0CC8E7565705}") = "Day 17", "Day 17\Day 17.fsproj", "{0CAC7F74-2598-48FA-B969-0735FE97ABB9}"
EndProject
Project("{6EC3EE1D-3C4E-46DD-8F32-0CC8E7565705}") = "Day 18", "Day 18\Day 18.fsproj", "{391090E5-FE9C-4EA9-92E5-0D5C8578566D}"
EndProject
Project("{6EC3EE1D-3C4E-46DD-8F32-0CC8E7565705}") = "Day 19", "Day 19\Day 19.fsproj", "{404716B0-7F3F-4E09-932D-8125FCB60A40}"
EndProject
Project("{6EC3EE1D-3C4E-46DD-8F32-0CC8E7565705}") = "Day 20", "Day 20\Day 20.fsproj", "{71E51D51-806F-4E91-8EBC-F2CC52166C68}"
EndProject
Project("{6EC3EE1D-3C4E-46DD-8F32-0CC8E7565705}") = "Day 21", "Day 21\Day 21.fsproj", "{59FEF02C-E638-4B30-8D57-5D56C240CC9C}"
EndProject
Project("{6EC3EE1D-3C4E-46DD-8F32-0CC8E7565705}") = "Day 22", "Day 22\Day 22.fsproj", "{579EB7DA-C6A2-449B-B9BD-E1B14BF51F67}"
EndProject
Project("{6EC3EE1D-3C4E-46DD-8F32-0CC8E7565705}") = "Day 23", "Day 23\Day 23.fsproj", "{C30852F1-C53D-4A37-B39B-5794E5A4C10A}"
EndProject
Project("{6EC3EE1D-3C4E-46DD-8F32-0CC8E7565705}") = "Day 24", "Day 24\Day 24.fsproj", "{3401A718-B2EB-4B58-96BE-B66031DC640B}"
EndProject
Project("{6EC3EE1D-3C4E-46DD-8F32-0CC8E7565705}") = "Day 25", "Day 25\Day 25.fsproj", "{8145984A-82B1-49BB-B0F1-9EA17422A4D6}"
EndProject
Global
	GlobalSection(SolutionConfigurationPlatforms) = preSolution
		Debug|Any CPU = Debug|Any CPU
		Debug|x64 = Debug|x64
		Debug|x86 = Debug|x86
		Release|Any CPU = Release|Any CPU
		Release|x64 = Release|x64
		Release|x86 = Release|x86
	EndGlobalSection
	GlobalSection(ProjectConfigurationPlatforms) = postSolution
		{7DE2D126-A768-47C5-B839-80C1CDE61836}.Debug|Any CPU.ActiveCfg = Debug|Any CPU
		{7DE2D126-A768-47C5-B839-80C1CDE61836}.Debug|Any CPU.Build.0 = Debug|Any CPU
		{7DE2D126-A768-47C5-B839-80C1CDE61836}.Debug|x64.ActiveCfg = Debug|Any CPU
		{7DE2D126-A768-47C5-B839-80C1CDE61836}.Debug|x64.Build.0 = Debug|Any CPU
		{7DE2D126-A768-47C5-B839-80C1CDE61836}.Debug|x86.ActiveCfg = Debug|Any CPU
		{7DE2D126-A768-47C5-B839-80C1CDE61836}.Debug|x86.Build.0 = Debug|Any CPU
		{7DE2D126-A768-47C5-B839-80C1CDE61836}.Release|Any CPU.ActiveCfg = Release|Any CPU
		{7DE2D126-A768-47C5-B839-80C1CDE61836}.Release|Any CPU.Build.0 = Release|Any CPU
		{7DE2D126-A768-47C5-B839-80C1CDE61836}.Release|x64.ActiveCfg = Release|Any CPU
		{7DE2D126-A768-47C5-B839-80C1CDE61836}.Release|x64.Build.0 = Release|Any CPU
		{7DE2D126-A768-47C5-B839-80C1CDE61836}.Release|x86.ActiveCfg = Release|Any CPU
		{7DE2D126-A768-47C5-B839-80C1CDE61836}.Release|x86.Build.0 = Release|Any CPU
		{29A3E990-7A27-4394-A59B-F965465A8A9A}.Debug|Any CPU.ActiveCfg = Debug|Any CPU
		{29A3E990-7A27-4394-A59B-F965465A8A9A}.Debug|Any CPU.Build.0 = Debug|Any CPU
		{29A3E990-7A27-4394-A59B-F965465A8A9A}.Debug|x64.ActiveCfg = Debug|Any CPU
		{29A3E990-7A27-4394-A59B-F965465A8A9A}.Debug|x64.Build.0 = Debug|Any CPU
		{29A3E990-7A27-4394-A59B-F965465A8A9A}.Debug|x86.ActiveCfg = Debug|Any CPU
		{29A3E990-7A27-4394-A59B-F965465A8A9A}.Debug|x86.Build.0 = Debug|Any CPU
		{29A3E990-7A27-4394-A59B-F965465A8A9A}.Release|Any CPU.ActiveCfg = Release|Any CPU
		{29A3E990-7A27-4394-A59B-F965465A8A9A}.Release|Any CPU.Build.0 = Release|Any CPU
		{29A3E990-7A27-4394-A59B-F965465A8A9A}.Release|x64.ActiveCfg = Release|Any CPU
		{29A3E990-7A27-4394-A59B-F965465A8A9A}.Release|x64.Build.0 = Release|Any CPU
		{29A3E990-7A27-4394-A59B-F965465A8A9A}.Release|x86.ActiveCfg = Release|Any CPU
		{29A3E990-7A27-4394-A59B-F965465A8A9A}.Release|x86.Build.0 = Release|Any CPU
		{88A68801-8005-411F-9B9E-36B9E6E90A74}.Debug|Any CPU.ActiveCfg = Debug|Any CPU
		{88A68801-8005-411F-9B9E-36B9E6E90A74}.Debug|Any CPU.Build.0 = Debug|Any CPU
		{88A68801-8005-411F-9B9E-36B9E6E90A74}.Debug|x64.ActiveCfg = Debug|Any CPU
		{88A68801-8005-411F-9B9E-36B9E6E90A74}.Debug|x64.Build.0 = Debug|Any CPU
		{88A68801-8005-411F-9B9E-36B9E6E90A74}.Debug|x86.ActiveCfg = Debug|Any CPU
		{88A68801-8005-411F-9B9E-36B9E6E90A74}.Debug|x86.Build.0 = Debug|Any CPU
		{88A68801-8005-411F-9B9E-36B9E6E90A74}.Release|Any CPU.ActiveCfg = Release|Any CPU
		{88A68801-8005-411F-9B9E-36B9E6E90A74}.Release|Any CPU.Build.0 = Release|Any CPU
		{88A68801-8005-411F-9B9E-36B9E6E90A74}.Release|x64.ActiveCfg = Release|Any CPU
		{88A68801-8005-411F-9B9E-36B9E6E90A74}.Release|x64.Build.0 = Release|Any CPU
		{88A68801-8005-411F-9B9E-36B9E6E90A74}.Release|x86.ActiveCfg = Release|Any CPU
		{88A68801-8005-411F-9B9E-36B9E6E90A74}.Release|x86.Build.0 = Release|Any CPU
		{35F789D6-02B3-454E-814C-6B9F882CFEEC}.Debug|Any CPU.ActiveCfg = Debug|Any CPU
		{35F789D6-02B3-454E-814C-6B9F882CFEEC}.Debug|Any CPU.Build.0 = Debug|Any CPU
		{35F789D6-02B3-454E-814C-6B9F882CFEEC}.Debug|x64.ActiveCfg = Debug|Any CPU
		{35F789D6-02B3-454E-814C-6B9F882CFEEC}.Debug|x64.Build.0 = Debug|Any CPU
		{35F789D6-02B3-454E-814C-6B9F882CFEEC}.Debug|x86.ActiveCfg = Debug|Any CPU
		{35F789D6-02B3-454E-814C-6B9F882CFEEC}.Debug|x86.Build.0 = Debug|Any CPU
		{35F789D6-02B3-454E-814C-6B9F882CFEEC}.Release|Any CPU.ActiveCfg = Release|Any CPU
		{35F789D6-02B3-454E-814C-6B9F882CFEEC}.Release|Any CPU.Build.0 = Release|Any CPU
		{35F789D6-02B3-454E-814C-6B9F882CFEEC}.Release|x64.ActiveCfg = Release|Any CPU
		{35F789D6-02B3-454E-814C-6B9F882CFEEC}.Release|x64.Build.0 = Release|Any CPU
		{35F789D6-02B3-454E-814C-6B9F882CFEEC}.Release|x86.ActiveCfg = Release|Any CPU
		{35F789D6-02B3-454E-814C-6B9F882CFEEC}.Release|x86.Build.0 = Release|Any CPU
		{A2D4E994-83F2-4985-8B2F-8504D2364BCC}.Debug|Any CPU.ActiveCfg = Debug|Any CPU
		{A2D4E994-83F2-4985-8B2F-8504D2364BCC}.Debug|Any CPU.Build.0 = Debug|Any CPU
		{A2D4E994-83F2-4985-8B2F-8504D2364BCC}.Debug|x64.ActiveCfg = Debug|Any CPU
		{A2D4E994-83F2-4985-8B2F-8504D2364BCC}.Debug|x64.Build.0 = Debug|Any CPU
		{A2D4E994-83F2-4985-8B2F-8504D2364BCC}.Debug|x86.ActiveCfg = Debug|Any CPU
		{A2D4E994-83F2-4985-8B2F-8504D2364BCC}.Debug|x86.Build.0 = Debug|Any CPU
		{A2D4E994-83F2-4985-8B2F-8504D2364BCC}.Release|Any CPU.ActiveCfg = Release|Any CPU
		{A2D4E994-83F2-4985-8B2F-8504D2364BCC}.Release|Any CPU.Build.0 = Release|Any CPU
		{A2D4E994-83F2-4985-8B2F-8504D2364BCC}.Release|x64.ActiveCfg = Release|Any CPU
		{A2D4E994-83F2-4985-8B2F-8504D2364BCC}.Release|x64.Build.0 = Release|Any CPU
		{A2D4E994-83F2-4985-8B2F-8504D2364BCC}.Release|x86.ActiveCfg = Release|Any CPU
		{A2D4E994-83F2-4985-8B2F-8504D2364BCC}.Release|x86.Build.0 = Release|Any CPU
		{B2FD1A92-2BCE-4B3C-A7B4-65BC37181542}.Debug|Any CPU.ActiveCfg = Debug|Any CPU
		{B2FD1A92-2BCE-4B3C-A7B4-65BC37181542}.Debug|Any CPU.Build.0 = Debug|Any CPU
		{B2FD1A92-2BCE-4B3C-A7B4-65BC37181542}.Debug|x64.ActiveCfg = Debug|Any CPU
		{B2FD1A92-2BCE-4B3C-A7B4-65BC37181542}.Debug|x64.Build.0 = Debug|Any CPU
		{B2FD1A92-2BCE-4B3C-A7B4-65BC37181542}.Debug|x86.ActiveCfg = Debug|Any CPU
		{B2FD1A92-2BCE-4B3C-A7B4-65BC37181542}.Debug|x86.Build.0 = Debug|Any CPU
		{B2FD1A92-2BCE-4B3C-A7B4-65BC37181542}.Release|Any CPU.ActiveCfg = Release|Any CPU
		{B2FD1A92-2BCE-4B3C-A7B4-65BC37181542}.Release|Any CPU.Build.0 = Release|Any CPU
		{B2FD1A92-2BCE-4B3C-A7B4-65BC37181542}.Release|x64.ActiveCfg = Release|Any CPU
		{B2FD1A92-2BCE-4B3C-A7B4-65BC37181542}.Release|x64.Build.0 = Release|Any CPU
		{B2FD1A92-2BCE-4B3C-A7B4-65BC37181542}.Release|x86.ActiveCfg = Release|Any CPU
		{B2FD1A92-2BCE-4B3C-A7B4-65BC37181542}.Release|x86.Build.0 = Release|Any CPU
		{629EA017-27F1-4A3D-9434-EC73BC08C103}.Debug|Any CPU.ActiveCfg = Debug|Any CPU
		{629EA017-27F1-4A3D-9434-EC73BC08C103}.Debug|Any CPU.Build.0 = Debug|Any CPU
		{629EA017-27F1-4A3D-9434-EC73BC08C103}.Debug|x64.ActiveCfg = Debug|Any CPU
		{629EA017-27F1-4A3D-9434-EC73BC08C103}.Debug|x64.Build.0 = Debug|Any CPU
		{629EA017-27F1-4A3D-9434-EC73BC08C103}.Debug|x86.ActiveCfg = Debug|Any CPU
		{629EA017-27F1-4A3D-9434-EC73BC08C103}.Debug|x86.Build.0 = Debug|Any CPU
		{629EA017-27F1-4A3D-9434-EC73BC08C103}.Release|Any CPU.ActiveCfg = Release|Any CPU
		{629EA017-27F1-4A3D-9434-EC73BC08C103}.Release|Any CPU.Build.0 = Release|Any CPU
		{629EA017-27F1-4A3D-9434-EC73BC08C103}.Release|x64.ActiveCfg = Release|Any CPU
		{629EA017-27F1-4A3D-9434-EC73BC08C103}.Release|x64.Build.0 = Release|Any CPU
		{629EA017-27F1-4A3D-9434-EC73BC08C103}.Release|x86.ActiveCfg = Release|Any CPU
		{629EA017-27F1-4A3D-9434-EC73BC08C103}.Release|x86.Build.0 = Release|Any CPU
		{5036571D-BCC7-4E25-9C2E-E450C022C08B}.Debug|Any CPU.ActiveCfg = Debug|Any CPU
		{5036571D-BCC7-4E25-9C2E-E450C022C08B}.Debug|Any CPU.Build.0 = Debug|Any CPU
		{5036571D-BCC7-4E25-9C2E-E450C022C08B}.Debug|x64.ActiveCfg = Debug|Any CPU
		{5036571D-BCC7-4E25-9C2E-E450C022C08B}.Debug|x64.Build.0 = Debug|Any CPU
		{5036571D-BCC7-4E25-9C2E-E450C022C08B}.Debug|x86.ActiveCfg = Debug|Any CPU
		{5036571D-BCC7-4E25-9C2E-E450C022C08B}.Debug|x86.Build.0 = Debug|Any CPU
		{5036571D-BCC7-4E25-9C2E-E450C022C08B}.Release|Any CPU.ActiveCfg = Release|Any CPU
		{5036571D-BCC7-4E25-9C2E-E450C022C08B}.Release|Any CPU.Build.0 = Release|Any CPU
		{5036571D-BCC7-4E25-9C2E-E450C022C08B}.Release|x64.ActiveCfg = Release|Any CPU
		{5036571D-BCC7-4E25-9C2E-E450C022C08B}.Release|x64.Build.0 = Release|Any CPU
		{5036571D-BCC7-4E25-9C2E-E450C022C08B}.Release|x86.ActiveCfg = Release|Any CPU
		{5036571D-BCC7-4E25-9C2E-E450C022C08B}.Release|x86.Build.0 = Release|Any CPU
		{0BE29AA6-AD54-4A91-BC39-A52DC418BDE8}.Debug|Any CPU.ActiveCfg = Debug|Any CPU
		{0BE29AA6-AD54-4A91-BC39-A52DC418BDE8}.Debug|Any CPU.Build.0 = Debug|Any CPU
		{0BE29AA6-AD54-4A91-BC39-A52DC418BDE8}.Debug|x64.ActiveCfg = Debug|Any CPU
		{0BE29AA6-AD54-4A91-BC39-A52DC418BDE8}.Debug|x64.Build.0 = Debug|Any CPU
		{0BE29AA6-AD54-4A91-BC39-A52DC418BDE8}.Debug|x86.ActiveCfg = Debug|Any CPU
		{0BE29AA6-AD54-4A91-BC39-A52DC418BDE8}.Debug|x86.Build.0 = Debug|Any CPU
		{0BE29AA6-AD54-4A91-BC39-A52DC418BDE8}.Release|Any CPU.ActiveCfg = Release|Any CPU
		{0BE29AA6-AD54-4A91-BC39-A52DC418BDE8}.Release|Any CPU.Build.0 = Release|Any CPU
		{0BE29AA6-AD54-4A91-BC39-A52DC418BDE8}.Release|x64.ActiveCfg = Release|Any CPU
		{0BE29AA6-AD54-4A91-BC39-A52DC418BDE8}.Release|x64.Build.0 = Release|Any CPU
		{0BE29AA6-AD54-4A91-BC39-A52DC418BDE8}.Release|x86.ActiveCfg = Release|Any CPU
		{0BE29AA6-AD54-4A91-BC39-A52DC418BDE8}.Release|x86.Build.0 = Release|Any CPU
		{BA3B2D7C-1048-45A9-A5AC-AC52D086AE58}.Debug|Any CPU.ActiveCfg = Debug|Any CPU
		{BA3B2D7C-1048-45A9-A5AC-AC52D086AE58}.Debug|Any CPU.Build.0 = Debug|Any CPU
		{BA3B2D7C-1048-45A9-A5AC-AC52D086AE58}.Debug|x64.ActiveCfg = Debug|Any CPU
		{BA3B2D7C-1048-45A9-A5AC-AC52D086AE58}.Debug|x64.Build.0 = Debug|Any CPU
		{BA3B2D7C-1048-45A9-A5AC-AC52D086AE58}.Debug|x86.ActiveCfg = Debug|Any CPU
		{BA3B2D7C-1048-45A9-A5AC-AC52D086AE58}.Debug|x86.Build.0 = Debug|Any CPU
		{BA3B2D7C-1048-45A9-A5AC-AC52D086AE58}.Release|Any CPU.ActiveCfg = Release|Any CPU
		{BA3B2D7C-1048-45A9-A5AC-AC52D086AE58}.Release|Any CPU.Build.0 = Release|Any CPU
		{BA3B2D7C-1048-45A9-A5AC-AC52D086AE58}.Release|x64.ActiveCfg = Release|Any CPU
		{BA3B2D7C-1048-45A9-A5AC-AC52D086AE58}.Release|x64.Build.0 = Release|Any CPU
		{BA3B2D7C-1048-45A9-A5AC-AC52D086AE58}.Release|x86.ActiveCfg = Release|Any CPU
		{BA3B2D7C-1048-45A9-A5AC-AC52D086AE58}.Release|x86.Build.0 = Release|Any CPU
		{96DEFEE9-59C2-4E47-A9D5-E6203B911F23}.Debug|Any CPU.ActiveCfg = Debug|Any CPU
		{96DEFEE9-59C2-4E47-A9D5-E6203B911F23}.Debug|Any CPU.Build.0 = Debug|Any CPU
		{96DEFEE9-59C2-4E47-A9D5-E6203B911F23}.Debug|x64.ActiveCfg = Debug|Any CPU
		{96DEFEE9-59C2-4E47-A9D5-E6203B911F23}.Debug|x64.Build.0 = Debug|Any CPU
		{96DEFEE9-59C2-4E47-A9D5-E6203B911F23}.Debug|x86.ActiveCfg = Debug|Any CPU
		{96DEFEE9-59C2-4E47-A9D5-E6203B911F23}.Debug|x86.Build.0 = Debug|Any CPU
		{96DEFEE9-59C2-4E47-A9D5-E6203B911F23}.Release|Any CPU.ActiveCfg = Release|Any CPU
		{96DEFEE9-59C2-4E47-A9D5-E6203B911F23}.Release|Any CPU.Build.0 = Release|Any CPU
		{96DEFEE9-59C2-4E47-A9D5-E6203B911F23}.Release|x64.ActiveCfg = Release|Any CPU
		{96DEFEE9-59C2-4E47-A9D5-E6203B911F23}.Release|x64.Build.0 = Release|Any CPU
		{96DEFEE9-59C2-4E47-A9D5-E6203B911F23}.Release|x86.ActiveCfg = Release|Any CPU
		{96DEFEE9-59C2-4E47-A9D5-E6203B911F23}.Release|x86.Build.0 = Release|Any CPU
		{9E9CDDD0-2F73-4D28-95FE-34CE7AA2214D}.Debug|Any CPU.ActiveCfg = Debug|Any CPU
		{9E9CDDD0-2F73-4D28-95FE-34CE7AA2214D}.Debug|Any CPU.Build.0 = Debug|Any CPU
		{9E9CDDD0-2F73-4D28-95FE-34CE7AA2214D}.Debug|x64.ActiveCfg = Debug|Any CPU
		{9E9CDDD0-2F73-4D28-95FE-34CE7AA2214D}.Debug|x64.Build.0 = Debug|Any CPU
		{9E9CDDD0-2F73-4D28-95FE-34CE7AA2214D}.Debug|x86.ActiveCfg = Debug|Any CPU
		{9E9CDDD0-2F73-4D28-95FE-34CE7AA2214D}.Debug|x86.Build.0 = Debug|Any CPU
		{9E9CDDD0-2F73-4D28-95FE-34CE7AA2214D}.Release|Any CPU.ActiveCfg = Release|Any CPU
		{9E9CDDD0-2F73-4D28-95FE-34CE7AA2214D}.Release|Any CPU.Build.0 = Release|Any CPU
		{9E9CDDD0-2F73-4D28-95FE-34CE7AA2214D}.Release|x64.ActiveCfg = Release|Any CPU
		{9E9CDDD0-2F73-4D28-95FE-34CE7AA2214D}.Release|x64.Build.0 = Release|Any CPU
		{9E9CDDD0-2F73-4D28-95FE-34CE7AA2214D}.Release|x86.ActiveCfg = Release|Any CPU
		{9E9CDDD0-2F73-4D28-95FE-34CE7AA2214D}.Release|x86.Build.0 = Release|Any CPU
		{0969A2E6-65ED-4826-A77D-D36FD965AF86}.Debug|Any CPU.ActiveCfg = Debug|Any CPU
		{0969A2E6-65ED-4826-A77D-D36FD965AF86}.Debug|Any CPU.Build.0 = Debug|Any CPU
		{0969A2E6-65ED-4826-A77D-D36FD965AF86}.Debug|x64.ActiveCfg = Debug|Any CPU
		{0969A2E6-65ED-4826-A77D-D36FD965AF86}.Debug|x64.Build.0 = Debug|Any CPU
		{0969A2E6-65ED-4826-A77D-D36FD965AF86}.Debug|x86.ActiveCfg = Debug|Any CPU
		{0969A2E6-65ED-4826-A77D-D36FD965AF86}.Debug|x86.Build.0 = Debug|Any CPU
		{0969A2E6-65ED-4826-A77D-D36FD965AF86}.Release|Any CPU.ActiveCfg = Release|Any CPU
		{0969A2E6-65ED-4826-A77D-D36FD965AF86}.Release|Any CPU.Build.0 = Release|Any CPU
		{0969A2E6-65ED-4826-A77D-D36FD965AF86}.Release|x64.ActiveCfg = Release|Any CPU
		{0969A2E6-65ED-4826-A77D-D36FD965AF86}.Release|x64.Build.0 = Release|Any CPU
		{0969A2E6-65ED-4826-A77D-D36FD965AF86}.Release|x86.ActiveCfg = Release|Any CPU
		{0969A2E6-65ED-4826-A77D-D36FD965AF86}.Release|x86.Build.0 = Release|Any CPU
		{43EE7990-FEDB-4C55-8A96-DFA1C7A485D7}.Debug|Any CPU.ActiveCfg = Debug|Any CPU
		{43EE7990-FEDB-4C55-8A96-DFA1C7A485D7}.Debug|Any CPU.Build.0 = Debug|Any CPU
		{43EE7990-FEDB-4C55-8A96-DFA1C7A485D7}.Debug|x64.ActiveCfg = Debug|Any CPU
		{43EE7990-FEDB-4C55-8A96-DFA1C7A485D7}.Debug|x64.Build.0 = Debug|Any CPU
		{43EE7990-FEDB-4C55-8A96-DFA1C7A485D7}.Debug|x86.ActiveCfg = Debug|Any CPU
		{43EE7990-FEDB-4C55-8A96-DFA1C7A485D7}.Debug|x86.Build.0 = Debug|Any CPU
		{43EE7990-FEDB-4C55-8A96-DFA1C7A485D7}.Release|Any CPU.ActiveCfg = Release|Any CPU
		{43EE7990-FEDB-4C55-8A96-DFA1C7A485D7}.Release|Any CPU.Build.0 = Release|Any CPU
		{43EE7990-FEDB-4C55-8A96-DFA1C7A485D7}.Release|x64.ActiveCfg = Release|Any CPU
		{43EE7990-FEDB-4C55-8A96-DFA1C7A485D7}.Release|x64.Build.0 = Release|Any CPU
		{43EE7990-FEDB-4C55-8A96-DFA1C7A485D7}.Release|x86.ActiveCfg = Release|Any CPU
		{43EE7990-FEDB-4C55-8A96-DFA1C7A485D7}.Release|x86.Build.0 = Release|Any CPU
		{9BF6DEDF-3FAD-4713-9DBA-7CD30727C7FE}.Debug|Any CPU.ActiveCfg = Debug|Any CPU
		{9BF6DEDF-3FAD-4713-9DBA-7CD30727C7FE}.Debug|Any CPU.Build.0 = Debug|Any CPU
		{9BF6DEDF-3FAD-4713-9DBA-7CD30727C7FE}.Debug|x64.ActiveCfg = Debug|Any CPU
		{9BF6DEDF-3FAD-4713-9DBA-7CD30727C7FE}.Debug|x64.Build.0 = Debug|Any CPU
		{9BF6DEDF-3FAD-4713-9DBA-7CD30727C7FE}.Debug|x86.ActiveCfg = Debug|Any CPU
		{9BF6DEDF-3FAD-4713-9DBA-7CD30727C7FE}.Debug|x86.Build.0 = Debug|Any CPU
		{9BF6DEDF-3FAD-4713-9DBA-7CD30727C7FE}.Release|Any CPU.ActiveCfg = Release|Any CPU
		{9BF6DEDF-3FAD-4713-9DBA-7CD30727C7FE}.Release|Any CPU.Build.0 = Release|Any CPU
		{9BF6DEDF-3FAD-4713-9DBA-7CD30727C7FE}.Release|x64.ActiveCfg = Release|Any CPU
		{9BF6DEDF-3FAD-4713-9DBA-7CD30727C7FE}.Release|x64.Build.0 = Release|Any CPU
		{9BF6DEDF-3FAD-4713-9DBA-7CD30727C7FE}.Release|x86.ActiveCfg = Release|Any CPU
		{9BF6DEDF-3FAD-4713-9DBA-7CD30727C7FE}.Release|x86.Build.0 = Release|Any CPU
		{9CC0BF97-72EB-4D47-9CBA-09D9E9C78176}.Debug|Any CPU.ActiveCfg = Debug|Any CPU
		{9CC0BF97-72EB-4D47-9CBA-09D9E9C78176}.Debug|Any CPU.Build.0 = Debug|Any CPU
		{9CC0BF97-72EB-4D47-9CBA-09D9E9C78176}.Debug|x64.ActiveCfg = Debug|Any CPU
		{9CC0BF97-72EB-4D47-9CBA-09D9E9C78176}.Debug|x64.Build.0 = Debug|Any CPU
		{9CC0BF97-72EB-4D47-9CBA-09D9E9C78176}.Debug|x86.ActiveCfg = Debug|Any CPU
		{9CC0BF97-72EB-4D47-9CBA-09D9E9C78176}.Debug|x86.Build.0 = Debug|Any CPU
		{9CC0BF97-72EB-4D47-9CBA-09D9E9C78176}.Release|Any CPU.ActiveCfg = Release|Any CPU
		{9CC0BF97-72EB-4D47-9CBA-09D9E9C78176}.Release|Any CPU.Build.0 = Release|Any CPU
		{9CC0BF97-72EB-4D47-9CBA-09D9E9C78176}.Release|x64.ActiveCfg = Release|Any CPU
		{9CC0BF97-72EB-4D47-9CBA-09D9E9C78176}.Release|x64.Build.0 = Release|Any CPU
		{9CC0BF97-72EB-4D47-9CBA-09D9E9C78176}.Release|x86.ActiveCfg = Release|Any CPU
		{9CC0BF97-72EB-4D47-9CBA-09D9E9C78176}.Release|x86.Build.0 = Release|Any CPU
		{1F063869-4E6F-428F-AC5B-C9726C002CD7}.Debug|Any CPU.ActiveCfg = Debug|Any CPU
		{1F063869-4E6F-428F-AC5B-C9726C002CD7}.Debug|Any CPU.Build.0 = Debug|Any CPU
		{1F063869-4E6F-428F-AC5B-C9726C002CD7}.Debug|x64.ActiveCfg = Debug|Any CPU
		{1F063869-4E6F-428F-AC5B-C9726C002CD7}.Debug|x64.Build.0 = Debug|Any CPU
		{1F063869-4E6F-428F-AC5B-C9726C002CD7}.Debug|x86.ActiveCfg = Debug|Any CPU
		{1F063869-4E6F-428F-AC5B-C9726C002CD7}.Debug|x86.Build.0 = Debug|Any CPU
		{1F063869-4E6F-428F-AC5B-C9726C002CD7}.Release|Any CPU.ActiveCfg = Release|Any CPU
		{1F063869-4E6F-428F-AC5B-C9726C002CD7}.Release|Any CPU.Build.0 = Release|Any CPU
		{1F063869-4E6F-428F-AC5B-C9726C002CD7}.Release|x64.ActiveCfg = Release|Any CPU
		{1F063869-4E6F-428F-AC5B-C9726C002CD7}.Release|x64.Build.0 = Release|Any CPU
		{1F063869-4E6F-428F-AC5B-C9726C002CD7}.Release|x86.ActiveCfg = Release|Any CPU
		{1F063869-4E6F-428F-AC5B-C9726C002CD7}.Release|x86.Build.0 = Release|Any CPU
		{0CAC7F74-2598-48FA-B969-0735FE97ABB9}.Debug|Any CPU.ActiveCfg = Debug|Any CPU
		{0CAC7F74-2598-48FA-B969-0735FE97ABB9}.Debug|Any CPU.Build.0 = Debug|Any CPU
		{0CAC7F74-2598-48FA-B969-0735FE97ABB9}.Debug|x64.ActiveCfg = Debug|Any CPU
		{0CAC7F74-2598-48FA-B969-0735FE97ABB9}.Debug|x64.Build.0 = Debug|Any CPU
		{0CAC7F74-2598-48FA-B969-0735FE97ABB9}.Debug|x86.ActiveCfg = Debug|Any CPU
		{0CAC7F74-2598-48FA-B969-0735FE97ABB9}.Debug|x86.Build.0 = Debug|Any CPU
		{0CAC7F74-2598-48FA-B969-0735FE97ABB9}.Release|Any CPU.ActiveCfg = Release|Any CPU
		{0CAC7F74-2598-48FA-B969-0735FE97ABB9}.Release|Any CPU.Build.0 = Release|Any CPU
		{0CAC7F74-2598-48FA-B969-0735FE97ABB9}.Release|x64.ActiveCfg = Release|Any CPU
		{0CAC7F74-2598-48FA-B969-0735FE97ABB9}.Release|x64.Build.0 = Release|Any CPU
		{0CAC7F74-2598-48FA-B969-0735FE97ABB9}.Release|x86.ActiveCfg = Release|Any CPU
		{0CAC7F74-2598-48FA-B969-0735FE97ABB9}.Release|x86.Build.0 = Release|Any CPU
		{391090E5-FE9C-4EA9-92E5-0D5C8578566D}.Debug|Any CPU.ActiveCfg = Debug|Any CPU
		{391090E5-FE9C-4EA9-92E5-0D5C8578566D}.Debug|Any CPU.Build.0 = Debug|Any CPU
		{391090E5-FE9C-4EA9-92E5-0D5C8578566D}.Debug|x64.ActiveCfg = Debug|Any CPU
		{391090E5-FE9C-4EA9-92E5-0D5C8578566D}.Debug|x64.Build.0 = Debug|Any CPU
		{391090E5-FE9C-4EA9-92E5-0D5C8578566D}.Debug|x86.ActiveCfg = Debug|Any CPU
		{391090E5-FE9C-4EA9-92E5-0D5C8578566D}.Debug|x86.Build.0 = Debug|Any CPU
		{391090E5-FE9C-4EA9-92E5-0D5C8578566D}.Release|Any CPU.ActiveCfg = Release|Any CPU
		{391090E5-FE9C-4EA9-92E5-0D5C8578566D}.Release|Any CPU.Build.0 = Release|Any CPU
		{391090E5-FE9C-4EA9-92E5-0D5C8578566D}.Release|x64.ActiveCfg = Release|Any CPU
		{391090E5-FE9C-4EA9-92E5-0D5C8578566D}.Release|x64.Build.0 = Release|Any CPU
		{391090E5-FE9C-4EA9-92E5-0D5C8578566D}.Release|x86.ActiveCfg = Release|Any CPU
		{391090E5-FE9C-4EA9-92E5-0D5C8578566D}.Release|x86.Build.0 = Release|Any CPU
		{404716B0-7F3F-4E09-932D-8125FCB60A40}.Debug|Any CPU.ActiveCfg = Debug|Any CPU
		{404716B0-7F3F-4E09-932D-8125FCB60A40}.Debug|Any CPU.Build.0 = Debug|Any CPU
		{404716B0-7F3F-4E09-932D-8125FCB60A40}.Debug|x64.ActiveCfg = Debug|Any CPU
		{404716B0-7F3F-4E09-932D-8125FCB60A40}.Debug|x64.Build.0 = Debug|Any CPU
		{404716B0-7F3F-4E09-932D-8125FCB60A40}.Debug|x86.ActiveCfg = Debug|Any CPU
		{404716B0-7F3F-4E09-932D-8125FCB60A40}.Debug|x86.Build.0 = Debug|Any CPU
		{404716B0-7F3F-4E09-932D-8125FCB60A40}.Release|Any CPU.ActiveCfg = Release|Any CPU
		{404716B0-7F3F-4E09-932D-8125FCB60A40}.Release|Any CPU.Build.0 = Release|Any CPU
		{404716B0-7F3F-4E09-932D-8125FCB60A40}.Release|x64.ActiveCfg = Release|Any CPU
		{404716B0-7F3F-4E09-932D-8125FCB60A40}.Release|x64.Build.0 = Release|Any CPU
		{404716B0-7F3F-4E09-932D-8125FCB60A40}.Release|x86.ActiveCfg = Release|Any CPU
		{404716B0-7F3F-4E09-932D-8125FCB60A40}.Release|x86.Build.0 = Release|Any CPU
		{71E51D51-806F-4E91-8EBC-F2CC52166C68}.Debug|Any CPU.ActiveCfg = Debug|Any CPU
		{71E51D51-806F-4E91-8EBC-F2CC52166C68}.Debug|Any CPU.Build.0 = Debug|Any CPU
		{71E51D51-806F-4E91-8EBC-F2CC52166C68}.Debug|x64.ActiveCfg = Debug|Any CPU
		{71E51D51-806F-4E91-8EBC-F2CC52166C68}.Debug|x64.Build.0 = Debug|Any CPU
		{71E51D51-806F-4E91-8EBC-F2CC52166C68}.Debug|x86.ActiveCfg = Debug|Any CPU
		{71E51D51-806F-4E91-8EBC-F2CC52166C68}.Debug|x86.Build.0 = Debug|Any CPU
		{71E51D51-806F-4E91-8EBC-F2CC52166C68}.Release|Any CPU.ActiveCfg = Release|Any CPU
		{71E51D51-806F-4E91-8EBC-F2CC52166C68}.Release|Any CPU.Build.0 = Release|Any CPU
		{71E51D51-806F-4E91-8EBC-F2CC52166C68}.Release|x64.ActiveCfg = Release|Any CPU
		{71E51D51-806F-4E91-8EBC-F2CC52166C68}.Release|x64.Build.0 = Release|Any CPU
		{71E51D51-806F-4E91-8EBC-F2CC52166C68}.Release|x86.ActiveCfg = Release|Any CPU
		{71E51D51-806F-4E91-8EBC-F2CC52166C68}.Release|x86.Build.0 = Release|Any CPU
		{59FEF02C-E638-4B30-8D57-5D56C240CC9C}.Debug|Any CPU.ActiveCfg = Debug|Any CPU
		{59FEF02C-E638-4B30-8D57-5D56C240CC9C}.Debug|Any CPU.Build.0 = Debug|Any CPU
		{59FEF02C-E638-4B30-8D57-5D56C240CC9C}.Debug|x64.ActiveCfg = Debug|Any CPU
		{59FEF02C-E638-4B30-8D57-5D56C240CC9C}.Debug|x64.Build.0 = Debug|Any CPU
		{59FEF02C-E638-4B30-8D57-5D56C240CC9C}.Debug|x86.ActiveCfg = Debug|Any CPU
		{59FEF02C-E638-4B30-8D57-5D56C240CC9C}.Debug|x86.Build.0 = Debug|Any CPU
		{59FEF02C-E638-4B30-8D57-5D56C240CC9C}.Release|Any CPU.ActiveCfg = Release|Any CPU
		{59FEF02C-E638-4B30-8D57-5D56C240CC9C}.Release|Any CPU.Build.0 = Release|Any CPU
		{59FEF02C-E638-4B30-8D57-5D56C240CC9C}.Release|x64.ActiveCfg = Release|Any CPU
		{59FEF02C-E638-4B30-8D57-5D56C240CC9C}.Release|x64.Build.0 = Release|Any CPU
		{59FEF02C-E638-4B30-8D57-5D56C240CC9C}.Release|x86.ActiveCfg = Release|Any CPU
		{59FEF02C-E638-4B30-8D57-5D56C240CC9C}.Release|x86.Build.0 = Release|Any CPU
		{579EB7DA-C6A2-449B-B9BD-E1B14BF51F67}.Debug|Any CPU.ActiveCfg = Debug|Any CPU
		{579EB7DA-C6A2-449B-B9BD-E1B14BF51F67}.Debug|Any CPU.Build.0 = Debug|Any CPU
		{579EB7DA-C6A2-449B-B9BD-E1B14BF51F67}.Debug|x64.ActiveCfg = Debug|Any CPU
		{579EB7DA-C6A2-449B-B9BD-E1B14BF51F67}.Debug|x64.Build.0 = Debug|Any CPU
		{579EB7DA-C6A2-449B-B9BD-E1B14BF51F67}.Debug|x86.ActiveCfg = Debug|Any CPU
		{579EB7DA-C6A2-449B-B9BD-E1B14BF51F67}.Debug|x86.Build.0 = Debug|Any CPU
		{579EB7DA-C6A2-449B-B9BD-E1B14BF51F67}.Release|Any CPU.ActiveCfg = Release|Any CPU
		{579EB7DA-C6A2-449B-B9BD-E1B14BF51F67}.Release|Any CPU.Build.0 = Release|Any CPU
		{579EB7DA-C6A2-449B-B9BD-E1B14BF51F67}.Release|x64.ActiveCfg = Release|Any CPU
		{579EB7DA-C6A2-449B-B9BD-E1B14BF51F67}.Release|x64.Build.0 = Release|Any CPU
		{579EB7DA-C6A2-449B-B9BD-E1B14BF51F67}.Release|x86.ActiveCfg = Release|Any CPU
		{579EB7DA-C6A2-449B-B9BD-E1B14BF51F67}.Release|x86.Build.0 = Release|Any CPU
		{C30852F1-C53D-4A37-B39B-5794E5A4C10A}.Debug|Any CPU.ActiveCfg = Debug|Any CPU
		{C30852F1-C53D-4A37-B39B-5794E5A4C10A}.Debug|Any CPU.Build.0 = Debug|Any CPU
		{C30852F1-C53D-4A37-B39B-5794E5A4C10A}.Debug|x64.ActiveCfg = Debug|Any CPU
		{C30852F1-C53D-4A37-B39B-5794E5A4C10A}.Debug|x64.Build.0 = Debug|Any CPU
		{C30852F1-C53D-4A37-B39B-5794E5A4C10A}.Debug|x86.ActiveCfg = Debug|Any CPU
		{C30852F1-C53D-4A37-B39B-5794E5A4C10A}.Debug|x86.Build.0 = Debug|Any CPU
		{C30852F1-C53D-4A37-B39B-5794E5A4C10A}.Release|Any CPU.ActiveCfg = Release|Any CPU
		{C30852F1-C53D-4A37-B39B-5794E5A4C10A}.Release|Any CPU.Build.0 = Release|Any CPU
		{C30852F1-C53D-4A37-B39B-5794E5A4C10A}.Release|x64.ActiveCfg = Release|Any CPU
		{C30852F1-C53D-4A37-B39B-5794E5A4C10A}.Release|x64.Build.0 = Release|Any CPU
		{C30852F1-C53D-4A37-B39B-5794E5A4C10A}.Release|x86.ActiveCfg = Release|Any CPU
		{C30852F1-C53D-4A37-B39B-5794E5A4C10A}.Release|x86.Build.0 = Release|Any CPU
		{3401A718-B2EB-4B58-96BE-B66031DC640B}.Debug|Any CPU.ActiveCfg = Debug|Any CPU
		{3401A718-B2EB-4B58-96BE-B66031DC640B}.Debug|Any CPU.Build.0 = Debug|Any CPU
		{3401A718-B2EB-4B58-96BE-B66031DC640B}.Debug|x64.ActiveCfg = Debug|Any CPU
		{3401A718-B2EB-4B58-96BE-B66031DC640B}.Debug|x64.Build.0 = Debug|Any CPU
		{3401A718-B2EB-4B58-96BE-B66031DC640B}.Debug|x86.ActiveCfg = Debug|Any CPU
		{3401A718-B2EB-4B58-96BE-B66031DC640B}.Debug|x86.Build.0 = Debug|Any CPU
		{3401A718-B2EB-4B58-96BE-B66031DC640B}.Release|Any CPU.ActiveCfg = Release|Any CPU
		{3401A718-B2EB-4B58-96BE-B66031DC640B}.Release|Any CPU.Build.0 = Release|Any CPU
		{3401A718-B2EB-4B58-96BE-B66031DC640B}.Release|x64.ActiveCfg = Release|Any CPU
		{3401A718-B2EB-4B58-96BE-B66031DC640B}.Release|x64.Build.0 = Release|Any CPU
		{3401A718-B2EB-4B58-96BE-B66031DC640B}.Release|x86.ActiveCfg = Release|Any CPU
		{3401A718-B2EB-4B58-96BE-B66031DC640B}.Release|x86.Build.0 = Release|Any CPU
		{8145984A-82B1-49BB-B0F1-9EA17422A4D6}.Debug|Any CPU.ActiveCfg = Debug|Any CPU
		{8145984A-82B1-49BB-B0F1-9EA17422A4D6}.Debug|Any CPU.Build.0 = Debug|Any CPU
		{8145984A-82B1-49BB-B0F1-9EA17422A4D6}.Debug|x64.ActiveCfg = Debug|Any CPU
		{8145984A-82B1-49BB-B0F1-9EA17422A4D6}.Debug|x64.Build.0 = Debug|Any CPU
		{8145984A-82B1-49BB-B0F1-9EA17422A4D6}.Debug|x86.ActiveCfg = Debug|Any CPU
		{8145984A-82B1-49BB-B0F1-9EA17422A4D6}.Debug|x86.Build.0 = Debug|Any CPU
		{8145984A-82B1-49BB-B0F1-9EA17422A4D6}.Release|Any CPU.ActiveCfg = Release|Any CPU
		{8145984A-82B1-49BB-B0F1-9EA17422A4D6}.Release|Any CPU.Build.0 = Release|Any CPU
		{8145984A-82B1-49BB-B0F1-9EA17422A4D6}.Release|x64.ActiveCfg = Release|Any CPU
		{8145984A-82B1-49BB-B0F1-9EA17422A4D6}.Release|x64.Build.0 = Release|Any CPU
		{8145984A-82B1-49BB-B0F1-9EA17422A4D6}.Release|x86.ActiveCfg = Release|Any CPU
		{8145984A-82B1-49BB-B0F1-9EA17422A4D6}.Release|x86.Build.0 = Release|Any CPU
	EndGlobalSection
	GlobalSection(SolutionProperties) = preSolution
		HideSolutionNode = FALSE
	EndGlobalSection
	GlobalSection(ExtensibilityGlobals) = postSolution
		SolutionGuid = {9B291AF9-4C59-4A7D-AA92-22BD78348B44}
	EndGlobalSection
EndGlobal
